
Microsoft Visual Studio Solution File, Format Version 12.00
# Visual Studio Version 16
VisualStudioVersion = 16.0.30621.155
MinimumVisualStudioVersion = 10.0.40219.1
Project("{FAE04EC0-301F-11D3-BF4B-00C04F79EFBC}") = "CardGame", "CardGame\CardGame.csproj", "{C842AA41-4E09-4598-9005-192B72C74762}"
EndProject
Global
	GlobalSection(SolutionConfigurationPlatforms) = preSolution
		Debug|Any CPU = Debug|Any CPU
		Release|Any CPU = Release|Any CPU
	EndGlobalSection
	GlobalSection(ProjectConfigurationPlatforms) = postSolution
		{C842AA41-4E09-4598-9005-192B72C74762}.Debug|Any CPU.ActiveCfg = Debug|Any CPU
		{C842AA41-4E09-4598-9005-192B72C74762}.Debug|Any CPU.Build.0 = Debug|Any CPU
		{C842AA41-4E09-4598-9005-192B72C74762}.Release|Any CPU.ActiveCfg = Release|Any CPU
		{C842AA41-4E09-4598-9005-192B72C74762}.Release|Any CPU.Build.0 = Release|Any CPU
	EndGlobalSection
	GlobalSection(SolutionProperties) = preSolution
		HideSolutionNode = FALSE
	EndGlobalSection
	GlobalSection(ExtensibilityGlobals) = postSolution
		SolutionGuid = {4343E227-D9D6-4BDA-B86D-95C740D9EBB8}
	EndGlobalSection
EndGlobal
